
Microsoft Visual Studio Solution File, Format Version 12.00
# Visual Studio Version 17
VisualStudioVersion = 17.14.36705.20 d17.14
MinimumVisualStudioVersion = 10.0.40219.1
Project("{FAE04EC0-301F-11D3-BF4B-00C04F79EFBC}") = "Pantry Helper API", "Pantry Helper API\Pantry Helper API.csproj", "{61AE2118-65BF-4600-A798-5A807CDA79DF}"
EndProject
Global
	GlobalSection(SolutionConfigurationPlatforms) = preSolution
		Debug|Any CPU = Debug|Any CPU
		Release|Any CPU = Release|Any CPU
	EndGlobalSection
	GlobalSection(ProjectConfigurationPlatforms) = postSolution
		{61AE2118-65BF-4600-A798-5A807CDA79DF}.Debug|Any CPU.ActiveCfg = Debug|Any CPU
		{61AE2118-65BF-4600-A798-5A807CDA79DF}.Debug|Any CPU.Build.0 = Debug|Any CPU
		{61AE2118-65BF-4600-A798-5A807CDA79DF}.Release|Any CPU.ActiveCfg = Release|Any CPU
		{61AE2118-65BF-4600-A798-5A807CDA79DF}.Release|Any CPU.Build.0 = Release|Any CPU
	EndGlobalSection
	GlobalSection(SolutionProperties) = preSolution
		HideSolutionNode = FALSE
	EndGlobalSection
	GlobalSection(ExtensibilityGlobals) = postSolution
		SolutionGuid = {D92FDC80-2DEA-4FB2-8B6E-4C6BC85C5FE3}
	EndGlobalSection
EndGlobal
